
Microsoft Visual Studio Solution File, Format Version 12.00
# Visual Studio 15
VisualStudioVersion = 15.0.27703.2042
MinimumVisualStudioVersion = 10.0.40219.1
Project("{FAE04EC0-301F-11D3-BF4B-00C04F79EFBC}") = "DocAssist", "DocAssist\DocAssist.csproj", "{91F25189-DA79-43D9-8CFC-A031C8DC50C6}"
EndProject
Global
	GlobalSection(SolutionConfigurationPlatforms) = preSolution
		Debug|Any CPU = Debug|Any CPU
		Release|Any CPU = Release|Any CPU
	EndGlobalSection
	GlobalSection(ProjectConfigurationPlatforms) = postSolution
		{91F25189-DA79-43D9-8CFC-A031C8DC50C6}.Debug|Any CPU.ActiveCfg = Debug|Any CPU
		{91F25189-DA79-43D9-8CFC-A031C8DC50C6}.Debug|Any CPU.Build.0 = Debug|Any CPU
		{91F25189-DA79-43D9-8CFC-A031C8DC50C6}.Release|Any CPU.ActiveCfg = Release|Any CPU
		{91F25189-DA79-43D9-8CFC-A031C8DC50C6}.Release|Any CPU.Build.0 = Release|Any CPU
	EndGlobalSection
	GlobalSection(SolutionProperties) = preSolution
		HideSolutionNode = FALSE
	EndGlobalSection
	GlobalSection(ExtensibilityGlobals) = postSolution
		SolutionGuid = {83377974-3AF4-44C2-8D0A-ED411D9B29C3}
	EndGlobalSection
EndGlobal
